{
    "_readme": [
        "This file locks the dependencies of your project to a known state",
        "Read more about it at https://getcomposer.org/doc/01-basic-usage.md#installing-dependencies",
        "This file is @generated automatically"
    ],
    "content-hash": "2dcdbee0848de8ca83086b4c6743e38a",
    "packages": [],
    "packages-dev": [
        {
            "name": "paulthewalton/acf-pro-stubs",
            "version": "5.8.9.1",
            "source": {
                "type": "git",
                "url": "https://github.com/paulthewalton/acf-pro-stubs.git",
                "reference": "b800ef8354ce4c2528b526e8c76de934620b44aa"
            },
            "dist": {
                "type": "zip",
                "url": "https://api.github.com/repos/paulthewalton/acf-pro-stubs/zipball/b800ef8354ce4c2528b526e8c76de934620b44aa",
                "reference": "b800ef8354ce4c2528b526e8c76de934620b44aa",
                "shasum": ""
            },
            "require": {
                "giacocorsiglia/wordpress-stubs": "*"
            },
            "require-dev": {
                "advanced-custom-fields/advanced-custom-fields-pro": "*",
                "ext-gettext": "*",
                "giacocorsiglia/stubs-generator": "^0.5.0",
                "php": "^7.1"
            },
            "type": "library",
            "notification-url": "https://packagist.org/downloads/",
            "license": [
                "GPL-2.0+"
            ],
            "authors": [
                {
                    "name": "Paul Walton",
                    "email": "pwalton@live.ca",
                    "role": "copycat"
                }
            ],
            "description": "ACF Pro stubs! Based on giacocorsiglia/wordpress-stubs. Advanced Custom Fields function, class, and global variable declaration stubs for easier static analysis.",
            "keywords": [
                "acf",
                "advanced custom fields",
                "pro",
                "static analysis",
                "wordpress"
            ],
            "support": {
                "issues": "https://github.com/paulthewalton/acf-pro-stubs/issues",
                "source": "https://github.com/paulthewalton/acf-pro-stubs/tree/v5.8.9.1"
            },
            "time": "2020-04-09T22:22:49+00:00"
        },
        {
            "name": "php-parallel-lint/php-console-color",
            "version": "v0.3",
            "source": {
                "type": "git",
                "url": "https://github.com/php-parallel-lint/PHP-Console-Color.git",
                "reference": "b6af326b2088f1ad3b264696c9fd590ec395b49e"
            },
            "dist": {
                "type": "zip",
                "url": "https://api.github.com/repos/php-parallel-lint/PHP-Console-Color/zipball/b6af326b2088f1ad3b264696c9fd590ec395b49e",
                "reference": "b6af326b2088f1ad3b264696c9fd590ec395b49e",
                "shasum": ""
            },
            "require": {
                "php": ">=5.4.0"
            },
            "replace": {
                "jakub-onderka/php-console-color": "*"
            },
            "require-dev": {
                "php-parallel-lint/php-code-style": "1.0",
                "php-parallel-lint/php-parallel-lint": "1.0",
                "php-parallel-lint/php-var-dump-check": "0.*",
                "phpunit/phpunit": "~4.3",
                "squizlabs/php_codesniffer": "1.*"
            },
            "type": "library",
            "autoload": {
                "psr-4": {
                    "JakubOnderka\\PhpConsoleColor\\": "src/"
                }
            },
            "notification-url": "https://packagist.org/downloads/",
            "license": [
                "BSD-2-Clause"
            ],
            "authors": [
                {
                    "name": "Jakub Onderka",
                    "email": "jakub.onderka@gmail.com"
                }
            ],
            "support": {
                "issues": "https://github.com/php-parallel-lint/PHP-Console-Color/issues",
                "source": "https://github.com/php-parallel-lint/PHP-Console-Color/tree/master"
            },
            "time": "2020-05-14T05:47:14+00:00"
        },
        {
            "name": "php-parallel-lint/php-console-highlighter",
            "version": "v0.5",
            "source": {
                "type": "git",
                "url": "https://github.com/php-parallel-lint/PHP-Console-Highlighter.git",
                "reference": "21bf002f077b177f056d8cb455c5ed573adfdbb8"
            },
            "dist": {
                "type": "zip",
                "url": "https://api.github.com/repos/php-parallel-lint/PHP-Console-Highlighter/zipball/21bf002f077b177f056d8cb455c5ed573adfdbb8",
                "reference": "21bf002f077b177f056d8cb455c5ed573adfdbb8",
                "shasum": ""
            },
            "require": {
                "ext-tokenizer": "*",
                "php": ">=5.4.0",
                "php-parallel-lint/php-console-color": "~0.2"
            },
            "replace": {
                "jakub-onderka/php-console-highlighter": "*"
            },
            "require-dev": {
                "php-parallel-lint/php-code-style": "~1.0",
                "php-parallel-lint/php-parallel-lint": "~1.0",
                "php-parallel-lint/php-var-dump-check": "~0.1",
                "phpunit/phpunit": "~4.0",
                "squizlabs/php_codesniffer": "~1.5"
            },
            "type": "library",
            "autoload": {
                "psr-4": {
                    "JakubOnderka\\PhpConsoleHighlighter\\": "src/"
                }
            },
            "notification-url": "https://packagist.org/downloads/",
            "license": [
                "MIT"
            ],
            "authors": [
                {
                    "name": "Jakub Onderka",
                    "email": "acci@acci.cz",
                    "homepage": "http://www.acci.cz/"
                }
            ],
            "description": "Highlight PHP code in terminal",
            "support": {
                "issues": "https://github.com/php-parallel-lint/PHP-Console-Highlighter/issues",
                "source": "https://github.com/php-parallel-lint/PHP-Console-Highlighter/tree/master"
            },
            "time": "2020-05-13T07:37:49+00:00"
        },
        {
            "name": "php-parallel-lint/php-parallel-lint",
            "version": "v1.2.0",
            "source": {
                "type": "git",
                "url": "https://github.com/php-parallel-lint/PHP-Parallel-Lint.git",
                "reference": "474f18bc6cc6aca61ca40bfab55139de614e51ca"
            },
            "dist": {
                "type": "zip",
                "url": "https://api.github.com/repos/php-parallel-lint/PHP-Parallel-Lint/zipball/474f18bc6cc6aca61ca40bfab55139de614e51ca",
                "reference": "474f18bc6cc6aca61ca40bfab55139de614e51ca",
                "shasum": ""
            },
            "require": {
                "ext-json": "*",
                "php": ">=5.4.0"
            },
            "replace": {
                "grogy/php-parallel-lint": "*",
                "jakub-onderka/php-parallel-lint": "*"
            },
            "require-dev": {
                "nette/tester": "^1.3 || ^2.0",
                "php-parallel-lint/php-console-highlighter": "~0.3",
                "squizlabs/php_codesniffer": "~3.0"
            },
            "suggest": {
                "php-parallel-lint/php-console-highlighter": "Highlight syntax in code snippet"
            },
            "bin": [
                "parallel-lint"
            ],
            "type": "library",
            "autoload": {
                "classmap": [
                    "./"
                ]
            },
            "notification-url": "https://packagist.org/downloads/",
            "license": [
                "BSD-2-Clause"
            ],
            "authors": [
                {
                    "name": "Jakub Onderka",
                    "email": "ahoj@jakubonderka.cz"
                }
            ],
            "description": "This tool check syntax of PHP files about 20x faster than serial check.",
            "homepage": "https://github.com/php-parallel-lint/PHP-Parallel-Lint",
            "support": {
                "issues": "https://github.com/php-parallel-lint/PHP-Parallel-Lint/issues",
                "source": "https://github.com/php-parallel-lint/PHP-Parallel-Lint/tree/master"
            },
            "time": "2020-04-04T12:18:32+00:00"
        },
        {
            "name": "php-stubs/wordpress-stubs",
            "version": "v5.6.0",
            "source": {
                "type": "git",
                "url": "https://github.com/php-stubs/wordpress-stubs.git",
                "reference": "ed446cce304cd49f13900274b3ed60d1b526297e"
            },
            "dist": {
                "type": "zip",
                "url": "https://api.github.com/repos/php-stubs/wordpress-stubs/zipball/ed446cce304cd49f13900274b3ed60d1b526297e",
                "reference": "ed446cce304cd49f13900274b3ed60d1b526297e",
                "shasum": ""
            },
            "replace": {
                "giacocorsiglia/wordpress-stubs": "*"
            },
            "require-dev": {
                "giacocorsiglia/stubs-generator": "^0.5.0",
                "php": "~7.1"
            },
            "suggest": {
                "paragonie/sodium_compat": "Pure PHP implementation of libsodium",
                "symfony/polyfill-php73": "Symfony polyfill backporting some PHP 7.3+ features to lower PHP versions",
                "szepeviktor/phpstan-wordpress": "WordPress extensions for PHPStan"
            },
            "type": "library",
            "notification-url": "https://packagist.org/downloads/",
            "license": [
                "MIT"
            ],
            "description": "WordPress function and class declaration stubs for static analysis.",
            "homepage": "https://github.com/php-stubs/wordpress-stubs",
            "keywords": [
                "PHPStan",
                "static analysis",
                "wordpress"
            ],
            "support": {
                "issues": "https://github.com/php-stubs/wordpress-stubs/issues",
                "source": "https://github.com/php-stubs/wordpress-stubs/tree/v5.6.0"
            },
            "time": "2020-12-09T00:38:16+00:00"
        }
    ],
    "aliases": [],
    "minimum-stability": "stable",
    "stability-flags": [],
    "prefer-stable": false,
    "prefer-lowest": false,
    "platform": {
        "php": ">=7.3"
    },
    "platform-dev": [],
    "plugin-api-version": "2.0.0"
}
